<?xml version="1.0" encoding="utf-8"?>
<Project ToolsVersion="4.0" xmlns="http://schemas.microsoft.com/developer/msbuild/2003">
  <ItemGroup>
    <Filter Include="Source Files">
      <UniqueIdentifier>{4FC737F1-C7A5-4376-A066-2A32D752A2FF}</UniqueIdentifier>
      <Extensions>cpp;c;cc;cxx;c++;cppm;ixx;def;odl;idl;hpj;bat;asm;asmx</Extensions>
    </Filter>
    <Filter Include="Header Files">
      <UniqueIdentifier>{93995380-89BD-4b04-88EB-625FBE52EBFB}</UniqueIdentifier>
      <Extensions>h;hh;hpp;hxx;h++;hm;inl;inc;ipp;xsd</Extensions>
    </Filter>
    <Filter Include="Resource Files">
      <UniqueIdentifier>{67DA6AB6-F800-4c08-8B7A-83BB121AAD01}</UniqueIdentifier>
      <Extensions>rc;ico;cur;bmp;dlg;rc2;rct;bin;rgs;gif;jpg;jpeg;jpe;resx;tiff;tif;png;wav;mfcribbon-ms</Extensions>
    </Filter>
    <Filter Include="Header Files\Libs">
      <UniqueIdentifier>{9bccb560-d65a-426b-8eea-345422adc6f7}</UniqueIdentifier>
    </Filter>
    <Filter Include="Header Files\Core">
      <UniqueIdentifier>{999ec17f-d1d5-4a62-987b-331592fc15df}</UniqueIdentifier>
    </Filter>
    <Filter Include="Header Files\Ministries">
      <UniqueIdentifier>{92980c4d-ec5e-4649-a60c-089a1b24c9bf}</UniqueIdentifier>
    </Filter>
    <Filter Include="Header Files\Others">
      <UniqueIdentifier>{5e418ac0-f1fa-4f03-9b8e-22618fa9fa20}</UniqueIdentifier>
    </Filter>
    <Filter Include="Header Files\Owner Screens">
      <UniqueIdentifier>{3d59f2b3-d9d3-4e20-a2d3-e9181222a8ee}</UniqueIdentifier>
    </Filter>
    <Filter Include="Header Files\Citzen Screens">
      <UniqueIdentifier>{58b8b6c8-be7e-4750-9f9b-5a1307ebee73}</UniqueIdentifier>
    </Filter>
  </ItemGroup>
  <ItemGroup>
    <ClCompile Include="EGovernmentSystem.cpp">
      <Filter>Source Files</Filter>
    </ClCompile>
  </ItemGroup>
  <ItemGroup>
    <ClInclude Include="clsString.h">
      <Filter>Header Files\Libs</Filter>
    </ClInclude>
    <ClInclude Include="clsDate.h">
      <Filter>Header Files\Libs</Filter>
    </ClInclude>
    <ClInclude Include="clsInputValidate.h">
      <Filter>Header Files\Libs</Filter>
    </ClInclude>
    <ClInclude Include="clsPerson.h">
      <Filter>Header Files\Core</Filter>
    </ClInclude>
    <ClInclude Include="clsCitizen.h">
      <Filter>Header Files\Core</Filter>
    </ClInclude>
    <ClInclude Include="clsEmployee.h">
      <Filter>Header Files\Core</Filter>
    </ClInclude>
    <ClInclude Include="clsMinistryOfEducation.h">
      <Filter>Header Files\Ministries</Filter>
    </ClInclude>
    <ClInclude Include="clsMinistryOfInterior.h">
      <Filter>Header Files\Ministries</Filter>
    </ClInclude>
    <ClInclude Include="MinistryOfFinance.h">
      <Filter>Header Files\Ministries</Filter>
    </ClInclude>
    <ClInclude Include="clsMinistry.h">
      <Filter>Header Files\Ministries</Filter>
    </ClInclude>
    <ClInclude Include="MinistryOfHealthAndPopulation.h">
      <Filter>Header Files\Ministries</Filter>
    </ClInclude>
    <ClInclude Include="MinistryOfTourism.h">
      <Filter>Header Files\Ministries</Filter>
    </ClInclude>
    <ClInclude Include="clsMinistryOfTransportaion.h">
      <Filter>Header Files\Ministries</Filter>
    </ClInclude>
    <ClInclude Include="clsDepartment.h">
      <Filter>Header Files\Others</Filter>
    </ClInclude>
    <ClInclude Include="clsExam.h">
      <Filter>Header Files\Others</Filter>
    </ClInclude>
    <ClInclude Include="clsForm.h">
      <Filter>Header Files\Others</Filter>
    </ClInclude>
    <ClInclude Include="clsTrip.h">
      <Filter>Header Files\Others</Filter>
    </ClInclude>
    <ClInclude Include="Blood.h">
      <Filter>Header Files\Others</Filter>
    </ClInclude>
    <ClInclude Include="BloodBank.h">
      <Filter>Header Files\Others</Filter>
    </ClInclude>
    <ClInclude Include="clsAddMinstryScreen.h">
      <Filter>Header Files\Owner Screens</Filter>
    </ClInclude>
    <ClInclude Include="clsNumberOfMinstriesScreen.h">
      <Filter>Header Files\Owner Screens</Filter>
    </ClInclude>
    <ClInclude Include="clsNumberOfCitizinesScreen.h">
      <Filter>Header Files\Owner Screens</Filter>
    </ClInclude>
    <ClInclude Include="clsAddEmployeeScreen.h">
      <Filter>Header Files\Owner Screens</Filter>
    </ClInclude>
    <ClInclude Include="clsRemoveEmployeeScreen.h">
      <Filter>Header Files\Owner Screens</Filter>
    </ClInclude>
    <ClInclude Include="clsEditMinistryScreen.h">
      <Filter>Header Files\Owner Screens</Filter>
    </ClInclude>
    <ClInclude Include="clsOwner.h">
      <Filter>Header Files\Core</Filter>
    </ClInclude>
    <ClInclude Include="clsRemoveExistingMinistryScreen.h">
      <Filter>Header Files\Owner Screens</Filter>
    </ClInclude>
    <ClInclude Include="clsOwnerMainMenuScreen.h">
      <Filter>Header Files\Owner Screens</Filter>
    </ClInclude>
    <ClInclude Include="clsEditMinistryInfoScreen.h">
      <Filter>Header Files\Owner Screens</Filter>
    </ClInclude>
    <ClInclude Include="clsLoginScreen.h">
      <Filter>Header Files</Filter>
    </ClInclude>
    <ClInclude Include="clsFillFormScreen.h">
      <Filter>Header Files\Citzen Screens</Filter>
    </ClInclude>
    <ClInclude Include="clsScreen.h">
      <Filter>Header Files\Others</Filter>
    </ClInclude>
    <ClInclude Include="clsVisaCard.h">
      <Filter>Header Files\Others</Filter>
    </ClInclude>
    <ClInclude Include="Global.h">
      <Filter>Header Files</Filter>
    </ClInclude>
    <ClInclude Include="clsNumberOfEmployeesScreen.h">
      <Filter>Header Files\Owner Screens</Filter>
    </ClInclude>
    <ClInclude Include="clsMinistryOfElectricity.h">
      <Filter>Header Files\Ministries</Filter>
    </ClInclude>
  </ItemGroup>
</Project>